
Microsoft Visual Studio Solution File, Format Version 12.00
# Visual Studio 15
VisualStudioVersion = 15.0.27428.2011
MinimumVisualStudioVersion = 10.0.40219.1
Project("{FAE04EC0-301F-11D3-BF4B-00C04F79EFBC}") = "rivals.app", "rivals.app\rivals.app.csproj", "{B07F7B8E-1EC3-4C30-AF73-98F91BC4D665}"
EndProject
Global
	GlobalSection(SolutionConfigurationPlatforms) = preSolution
		Debug|Any CPU = Debug|Any CPU
		Release|Any CPU = Release|Any CPU
	EndGlobalSection
	GlobalSection(ProjectConfigurationPlatforms) = postSolution
		{B07F7B8E-1EC3-4C30-AF73-98F91BC4D665}.Debug|Any CPU.ActiveCfg = Debug|Any CPU
		{B07F7B8E-1EC3-4C30-AF73-98F91BC4D665}.Debug|Any CPU.Build.0 = Debug|Any CPU
		{B07F7B8E-1EC3-4C30-AF73-98F91BC4D665}.Release|Any CPU.ActiveCfg = Release|Any CPU
		{B07F7B8E-1EC3-4C30-AF73-98F91BC4D665}.Release|Any CPU.Build.0 = Release|Any CPU
	EndGlobalSection
	GlobalSection(SolutionProperties) = preSolution
		HideSolutionNode = FALSE
	EndGlobalSection
	GlobalSection(ExtensibilityGlobals) = postSolution
		SolutionGuid = {EA986697-59E0-4054-8B92-7D8093B9FCB4}
	EndGlobalSection
EndGlobal
